
Microsoft Visual Studio Solution File, Format Version 12.00
# Visual Studio Version 17
VisualStudioVersion = 17.3.32901.215
MinimumVisualStudioVersion = 10.0.40219.1
Project("{FAE04EC0-301F-11D3-BF4B-00C04F79EFBC}") = "Task", "Task\Task.csproj", "{09816CEC-ED5E-4CA9-8B0E-E104802BA544}"
EndProject
Global
	GlobalSection(SolutionConfigurationPlatforms) = preSolution
		Debug|Any CPU = Debug|Any CPU
		Release|Any CPU = Release|Any CPU
	EndGlobalSection
	GlobalSection(ProjectConfigurationPlatforms) = postSolution
		{09816CEC-ED5E-4CA9-8B0E-E104802BA544}.Debug|Any CPU.ActiveCfg = Debug|Any CPU
		{09816CEC-ED5E-4CA9-8B0E-E104802BA544}.Debug|Any CPU.Build.0 = Debug|Any CPU
		{09816CEC-ED5E-4CA9-8B0E-E104802BA544}.Release|Any CPU.ActiveCfg = Release|Any CPU
		{09816CEC-ED5E-4CA9-8B0E-E104802BA544}.Release|Any CPU.Build.0 = Release|Any CPU
	EndGlobalSection
	GlobalSection(SolutionProperties) = preSolution
		HideSolutionNode = FALSE
	EndGlobalSection
	GlobalSection(ExtensibilityGlobals) = postSolution
		SolutionGuid = {65FEC9C2-AFA7-4664-BAF1-E235847185F1}
	EndGlobalSection
EndGlobal
